Microsoft Visual Studio Solution File, Format Version 12.00
# Visual Studio Version 17
VisualStudioVersion = 17.5.2.0
MinimumVisualStudioVersion = 10.0.40219.1
Project("{FAE04EC0-301F-11D3-BF4B-00C04F79EFBC}") = "Lewis_Console", "Lewis_Console.csproj", "{DC88B13A-7777-FC08-02EA-D09FAB9A0AAA}"
EndProject
Global
	GlobalSection(SolutionConfigurationPlatforms) = preSolution
		Debug|Any CPU = Debug|Any CPU
		Release|Any CPU = Release|Any CPU
	EndGlobalSection
	GlobalSection(ProjectConfigurationPlatforms) = postSolution
		{DC88B13A-7777-FC08-02EA-D09FAB9A0AAA}.Debug|Any CPU.ActiveCfg = Debug|Any CPU
		{DC88B13A-7777-FC08-02EA-D09FAB9A0AAA}.Debug|Any CPU.Build.0 = Debug|Any CPU
		{DC88B13A-7777-FC08-02EA-D09FAB9A0AAA}.Release|Any CPU.ActiveCfg = Release|Any CPU
		{DC88B13A-7777-FC08-02EA-D09FAB9A0AAA}.Release|Any CPU.Build.0 = Release|Any CPU
	EndGlobalSection
	GlobalSection(SolutionProperties) = preSolution
		HideSolutionNode = FALSE
	EndGlobalSection
	GlobalSection(ExtensibilityGlobals) = postSolution
		SolutionGuid = {CE30850C-93BA-42A0-831B-A538555DF004}
	EndGlobalSection
EndGlobal
